
Microsoft Visual Studio Solution File, Format Version 12.00
# Visual Studio Version 17
VisualStudioVersion = 17.6.33723.286
MinimumVisualStudioVersion = 10.0.40219.1
Project("{9A19103F-16F7-4668-BE54-9A1E7A4F7556}") = "CRM", "CRM.csproj", "{729CFBDE-BBA9-496E-801B-8AF8658FF8C1}"
EndProject
Project("{2150E333-8FDC-42A3-9474-1A3956D46DE8}") = "Identity", "Identity", "{0C769741-1F29-41F3-8CF2-794524BF5363}"
EndProject
Project("{9A19103F-16F7-4668-BE54-9A1E7A4F7556}") = "CRMIdentity", "..\Identity\CRMIdentity\CRMIdentity.csproj", "{C5FCAA93-63E6-4EA1-B0BB-404D9391F5BA}"
EndProject
Project("{9A19103F-16F7-4668-BE54-9A1E7A4F7556}") = "CRMIdentity.Data", "..\Identity\CRMIdentity.Data\CRMIdentity.Data.csproj", "{13259E33-989A-45E4-AEA9-AF4A0F12510E}"
EndProject
Project("{9A19103F-16F7-4668-BE54-9A1E7A4F7556}") = "WebClient", "..\Identity\WebClient\WebClient.csproj", "{9AF193A8-589F-44D4-B53D-7685AC8E44B8}"
EndProject
Project("{FAE04EC0-301F-11D3-BF4B-00C04F79EFBC}") = "WPFtoCRM", "..\WPFtoCRM\WPFtoCRM.csproj", "{E8D80793-122C-4B90-AEA2-C9F6B35B3724}"
EndProject
Global
	GlobalSection(SolutionConfigurationPlatforms) = preSolution
		Debug|Any CPU = Debug|Any CPU
		Release|Any CPU = Release|Any CPU
	EndGlobalSection
	GlobalSection(ProjectConfigurationPlatforms) = postSolution
		{729CFBDE-BBA9-496E-801B-8AF8658FF8C1}.Debug|Any CPU.ActiveCfg = Debug|Any CPU
		{729CFBDE-BBA9-496E-801B-8AF8658FF8C1}.Debug|Any CPU.Build.0 = Debug|Any CPU
		{729CFBDE-BBA9-496E-801B-8AF8658FF8C1}.Release|Any CPU.ActiveCfg = Release|Any CPU
		{729CFBDE-BBA9-496E-801B-8AF8658FF8C1}.Release|Any CPU.Build.0 = Release|Any CPU
		{C5FCAA93-63E6-4EA1-B0BB-404D9391F5BA}.Debug|Any CPU.ActiveCfg = Debug|Any CPU
		{C5FCAA93-63E6-4EA1-B0BB-404D9391F5BA}.Debug|Any CPU.Build.0 = Debug|Any CPU
		{C5FCAA93-63E6-4EA1-B0BB-404D9391F5BA}.Release|Any CPU.ActiveCfg = Release|Any CPU
		{C5FCAA93-63E6-4EA1-B0BB-404D9391F5BA}.Release|Any CPU.Build.0 = Release|Any CPU
		{13259E33-989A-45E4-AEA9-AF4A0F12510E}.Debug|Any CPU.ActiveCfg = Debug|Any CPU
		{13259E33-989A-45E4-AEA9-AF4A0F12510E}.Debug|Any CPU.Build.0 = Debug|Any CPU
		{13259E33-989A-45E4-AEA9-AF4A0F12510E}.Release|Any CPU.ActiveCfg = Release|Any CPU
		{13259E33-989A-45E4-AEA9-AF4A0F12510E}.Release|Any CPU.Build.0 = Release|Any CPU
		{9AF193A8-589F-44D4-B53D-7685AC8E44B8}.Debug|Any CPU.ActiveCfg = Debug|Any CPU
		{9AF193A8-589F-44D4-B53D-7685AC8E44B8}.Debug|Any CPU.Build.0 = Debug|Any CPU
		{9AF193A8-589F-44D4-B53D-7685AC8E44B8}.Release|Any CPU.ActiveCfg = Release|Any CPU
		{9AF193A8-589F-44D4-B53D-7685AC8E44B8}.Release|Any CPU.Build.0 = Release|Any CPU
		{E8D80793-122C-4B90-AEA2-C9F6B35B3724}.Debug|Any CPU.ActiveCfg = Debug|Any CPU
		{E8D80793-122C-4B90-AEA2-C9F6B35B3724}.Debug|Any CPU.Build.0 = Debug|Any CPU
		{E8D80793-122C-4B90-AEA2-C9F6B35B3724}.Release|Any CPU.ActiveCfg = Release|Any CPU
		{E8D80793-122C-4B90-AEA2-C9F6B35B3724}.Release|Any CPU.Build.0 = Release|Any CPU
	EndGlobalSection
	GlobalSection(SolutionProperties) = preSolution
		HideSolutionNode = FALSE
	EndGlobalSection
	GlobalSection(NestedProjects) = preSolution
		{C5FCAA93-63E6-4EA1-B0BB-404D9391F5BA} = {0C769741-1F29-41F3-8CF2-794524BF5363}
		{13259E33-989A-45E4-AEA9-AF4A0F12510E} = {0C769741-1F29-41F3-8CF2-794524BF5363}
		{9AF193A8-589F-44D4-B53D-7685AC8E44B8} = {0C769741-1F29-41F3-8CF2-794524BF5363}
	EndGlobalSection
	GlobalSection(ExtensibilityGlobals) = postSolution
		SolutionGuid = {2F9B9B25-D6EB-41AD-BE58-284408DDF059}
	EndGlobalSection
EndGlobal
